<?xml version="1.0" encoding="utf-8"?>
<Project ToolsVersion="4.0" xmlns="http://schemas.microsoft.com/developer/msbuild/2003">
  <ItemGroup>
    <Filter Include="Frame">
      <UniqueIdentifier>{4FC737F1-C7A5-4376-A066-2A32D752A2FF}</UniqueIdentifier>
      <Extensions>cpp;c;cc;cxx;def;odl;idl;hpj;bat;asm;asmx</Extensions>
    </Filter>
    <Filter Include="Controller">
      <UniqueIdentifier>{3b7c1a38-19de-4fee-9255-608eaa36f7c8}</UniqueIdentifier>
    </Filter>
    <Filter Include="Frame\Extension">
      <UniqueIdentifier>{bde81a95-ed47-41b3-9608-f712b7223b36}</UniqueIdentifier>
    </Filter>
    <Filter Include="FrameEvent">
      <UniqueIdentifier>{d2515dfd-bacc-4795-88f4-02b78639f4d2}</UniqueIdentifier>
    </Filter>
  </ItemGroup>
  <ItemGroup>
    <ClCompile Include="Frame\OgreEnv.cpp">
      <Filter>Frame</Filter>
    </ClCompile>
    <ClCompile Include="Frame\OgreWndWrapper.cpp">
      <Filter>Frame</Filter>
    </ClCompile>
    <ClCompile Include="Frame\SysEventRecorder.cpp">
      <Filter>Frame</Filter>
    </ClCompile>
    <ClCompile Include="Frame\IController.cpp">
      <Filter>Frame</Filter>
    </ClCompile>
    <ClCompile Include="Frame\Extension\ExtensionUtil.cpp">
      <Filter>Frame\Extension</Filter>
    </ClCompile>
    <ClCompile Include="Frame\Extension\RectExt.cpp">
      <Filter>Frame\Extension</Filter>
    </ClCompile>
    <ClCompile Include="Frame\Extension\TextAreaExt.cpp">
      <Filter>Frame\Extension</Filter>
    </ClCompile>
    <ClCompile Include="Frame\Extension\TexNumber.cpp">
      <Filter>Frame\Extension</Filter>
    </ClCompile>
    <ClCompile Include="Controller\IndicatorController.cpp">
      <Filter>Controller</Filter>
    </ClCompile>
    <ClCompile Include="Controller\ChartController.cpp">
      <Filter>Controller</Filter>
    </ClCompile>
    <ClCompile Include="Frame\Extension\Line2D.cpp">
      <Filter>Frame\Extension</Filter>
    </ClCompile>
  </ItemGroup>
  <ItemGroup>
    <ClInclude Include="Frame\OgreEnv.h">
      <Filter>Frame</Filter>
    </ClInclude>
    <ClInclude Include="Frame\OgreWndWrapper.h">
      <Filter>Frame</Filter>
    </ClInclude>
    <ClInclude Include="Frame\OgreWndWrapperFwd.h">
      <Filter>Frame</Filter>
    </ClInclude>
    <ClInclude Include="Frame\SysEvent.h">
      <Filter>Frame</Filter>
    </ClInclude>
    <ClInclude Include="Frame\SysEventFwd.h">
      <Filter>Frame</Filter>
    </ClInclude>
    <ClInclude Include="Frame\SysEventRecorder.h">
      <Filter>Frame</Filter>
    </ClInclude>
    <ClInclude Include="Frame\IControllerFwd.h">
      <Filter>Frame</Filter>
    </ClInclude>
    <ClInclude Include="Frame\IController.h">
      <Filter>Frame</Filter>
    </ClInclude>
    <ClInclude Include="Frame\Extension\ExtensionUtil.h">
      <Filter>Frame\Extension</Filter>
    </ClInclude>
    <ClInclude Include="Frame\Extension\RectExt.h">
      <Filter>Frame\Extension</Filter>
    </ClInclude>
    <ClInclude Include="Frame\Extension\TExtMovableObjFactory.h">
      <Filter>Frame\Extension</Filter>
    </ClInclude>
    <ClInclude Include="Frame\Extension\TextAreaExt.h">
      <Filter>Frame\Extension</Filter>
    </ClInclude>
    <ClInclude Include="Frame\Extension\TexNumber.h">
      <Filter>Frame\Extension</Filter>
    </ClInclude>
    <ClInclude Include="FrameEvent\FrameEvent.h">
      <Filter>FrameEvent</Filter>
    </ClInclude>
    <ClInclude Include="FrameEvent\FrameEventFwd.h">
      <Filter>FrameEvent</Filter>
    </ClInclude>
    <ClInclude Include="FrameEvent\IndicatorEvt.h">
      <Filter>FrameEvent</Filter>
    </ClInclude>
    <ClInclude Include="Controller\IndicatorController.h">
      <Filter>Controller</Filter>
    </ClInclude>
    <ClInclude Include="Controller\ChartController.h">
      <Filter>Controller</Filter>
    </ClInclude>
    <ClInclude Include="Frame\Extension\Line2D.h">
      <Filter>Frame\Extension</Filter>
    </ClInclude>
  </ItemGroup>
</Project>